{
  "name": "@nuls.io/transaction",
  "version": "0.0.3",
  "lockfileVersion": 1,
  "requires": true,
  "dependencies": {
    "promievent": {
      "version": "0.1.3",
      "resolved": "http://npm.etoshi.io/promievent/-/promievent-0.1.3.tgz",
      "integrity": "sha512-BFBgLS6kvAacyrEvrIwF2Yf5TfFx5pm9uz4qCGzJRuO7FQpn44UajE6B88c/1phA4yv2dH+rd2CYZOevgBVUJQ=="
    }
  }
}
