{
  "name": "@nuls.io/transaction",
  "version": "0.0.1",
  "lockfileVersion": 1,
  "requires": true,
  "dependencies": {
    "@nuls.io/core": {
      "version": "0.0.1",
      "requires": {
        "bn.js": "^5.0.0",
        "bs58": "^4.0.1",
        "crypto-js": "^3.1.9-1",
        "fetch-ponyfill": "^6.1.0",
        "secp256k1": "^3.7.1"
      }
    },
    "promievent": {
      "version": "0.1.3",
      "resolved": "http://npm.etoshi.io/promievent/-/promievent-0.1.3.tgz",
      "integrity": "sha512-BFBgLS6kvAacyrEvrIwF2Yf5TfFx5pm9uz4qCGzJRuO7FQpn44UajE6B88c/1phA4yv2dH+rd2CYZOevgBVUJQ=="
    }
  }
}
